{
  "object": {
    "pins": [
      {
        "package": "fluent-kit",
        "repositoryURL": "https://github.com/vapor/fluent-kit.git",
        "state": {
          "branch": null,
          "revision": "bd98d1ac7b73a18f77838d96b6e3ccfaf1f55b7f",
          "version": "1.0.0-alpha.3.1"
        }
      },
      {
        "package": "sql-kit",
        "repositoryURL": "https://github.com/vapor/sql-kit.git",
        "state": {
          "branch": null,
          "revision": "354c843f7868eaf93a84b766d652fac8b61d86dd",
          "version": "3.0.0-alpha.1.3"
        }
      },
      {
        "package": "swift-nio",
        "repositoryURL": "https://github.com/apple/swift-nio.git",
        "state": {
          "branch": null,
          "revision": "9201908b54578aa33f1d1826a5a680aca8991843",
          "version": "2.8.0"
        }
      }
    ]
  },
  "version": 1
}
